
Microsoft Visual Studio Solution File, Format Version 12.00
# Visual Studio Version 17
VisualStudioVersion = 17.4.33213.308
MinimumVisualStudioVersion = 10.0.40219.1
Project("{9A19103F-16F7-4668-BE54-9A1E7A4F7556}") = "Day of the week", "Day of the week\Day of the week.csproj", "{7EC32196-9591-4B49-9DD7-310385DA9BFD}"
EndProject
Project("{9A19103F-16F7-4668-BE54-9A1E7A4F7556}") = "Castle Battle", "Castle Battle\Castle Battle.csproj", "{74677B36-D0A6-44EE-B089-A9A6EA1F381C}"
EndProject
Project("{9A19103F-16F7-4668-BE54-9A1E7A4F7556}") = "F1 Season 2022", "F1 Season 2022\F1 Season 2022.csproj", "{CDCECB7D-37E9-4C85-8359-F30AC3C0A4CD}"
EndProject
Project("{9A19103F-16F7-4668-BE54-9A1E7A4F7556}") = "File reading", "File reading\File reading.csproj", "{D37EB81D-8659-417B-A98D-F62DC4B31E54}"
EndProject
Project("{9A19103F-16F7-4668-BE54-9A1E7A4F7556}") = "File writing", "File writing\File writing.csproj", "{F0E47983-4387-42E2-9692-451A213683E3}"
EndProject
Project("{9A19103F-16F7-4668-BE54-9A1E7A4F7556}") = "Reading and updating values in JSON files", "Reading and updating values in JSON files\Reading and updating values in JSON files.csproj", "{A7375D2D-4F8A-4203-94BC-2835B35D33A9}"
EndProject
Project("{9A19103F-16F7-4668-BE54-9A1E7A4F7556}") = "Reading and updating objects in JSON files", "Reading and updating objects in JSON files\Reading and updating objects in JSON files.csproj", "{CBF0D1D4-B7D3-4087-B818-93BC43B6DBE7}"
EndProject
Project("{9A19103F-16F7-4668-BE54-9A1E7A4F7556}") = "Classes with objects for fields and JSON files", "Classes with objects for fields and JSON files\Classes with objects for fields and JSON files.csproj", "{F9CD294D-8431-47CF-A23F-04431950773C}"
EndProject
Project("{9A19103F-16F7-4668-BE54-9A1E7A4F7556}") = "Files and general exception handling", "Files and general exception handling\Files and general exception handling.csproj", "{4B8860E7-B06E-4AA1-A430-365F6345EA61}"
EndProject
Project("{9A19103F-16F7-4668-BE54-9A1E7A4F7556}") = "Files and specific exception handling", "Files and specific exception handling\Files and specific exception handling.csproj", "{F6129139-6159-4178-903E-67089ACABFC4}"
EndProject
Project("{9A19103F-16F7-4668-BE54-9A1E7A4F7556}") = "finally block", "finally block\finally block.csproj", "{E7D44532-B012-48C7-ACE0-A9863DF8FD42}"
EndProject
Project("{9A19103F-16F7-4668-BE54-9A1E7A4F7556}") = "Where is my money", "Where is my money\Where is my money.csproj", "{C51517D4-F5C7-4E22-B326-BBC1FA70FBE9}"
EndProject
Project("{9A19103F-16F7-4668-BE54-9A1E7A4F7556}") = "Method overloading", "Method overloading\Method overloading.csproj", "{71AAFDB3-2262-4C65-B5EB-93FE2A139BA0}"
EndProject
Project("{9A19103F-16F7-4668-BE54-9A1E7A4F7556}") = "Constructor overloading", "Constructor overloading\Constructor overloading.csproj", "{3F7AC89A-862F-4F03-967E-C17D55D98049}"
EndProject
Project("{9A19103F-16F7-4668-BE54-9A1E7A4F7556}") = "Constructor chaining", "Constructor chaining\Constructor chaining.csproj", "{D4023CD9-2114-4817-AAB8-E7D009A6CE7A}"
EndProject
Project("{9A19103F-16F7-4668-BE54-9A1E7A4F7556}") = "Overloading default and copy constructor", "Overloading default and copy constructor\Overloading default and copy constructor.csproj", "{C3E90B08-E88E-4D02-84BF-0452B5CCD941}"
EndProject
Project("{9A19103F-16F7-4668-BE54-9A1E7A4F7556}") = "Ambiguous method call", "Ambiguous method call\Ambiguous method call.csproj", "{3A2915BD-581B-4E74-A97B-9F1CA5E5ECD1}"
EndProject
Project("{9A19103F-16F7-4668-BE54-9A1E7A4F7556}") = "Grocery List with overloads", "Grocery List with overloads\Grocery List with overloads.csproj", "{571EDD0C-0DF2-476E-874F-282990D09630}"
EndProject
Project("{9A19103F-16F7-4668-BE54-9A1E7A4F7556}") = "Library", "Library\Library.csproj", "{B7B8AF62-D877-42D9-A147-5962F94605B3}"
EndProject
Project("{9A19103F-16F7-4668-BE54-9A1E7A4F7556}") = "Creating objects of inherited classes", "Creating objects of inherited classes\Creating objects of inherited classes.csproj", "{37114303-A9F1-4DF9-A634-3A796A4D08CA}"
EndProject
Project("{9A19103F-16F7-4668-BE54-9A1E7A4F7556}") = "Parameters to base constructor", "Parameters to base constructor\Parameters to base constructor.csproj", "{CF4A8475-BF2A-4A16-A2AE-D0CF81C6E73D}"
EndProject
Project("{9A19103F-16F7-4668-BE54-9A1E7A4F7556}") = "Keyword is, object looping and casting", "Keyword is, object looping and casting\Keyword is, object looping and casting.csproj", "{8A7FF876-2527-44C2-BE6E-F55BA40FA32A}"
EndProject
Project("{9A19103F-16F7-4668-BE54-9A1E7A4F7556}") = "virtual and override", "virtual and override\virtual and override.csproj", "{90FA0A60-AB54-4EB2-B9EF-79D2B308B023}"
EndProject
Project("{FAE04EC0-301F-11D3-BF4B-00C04F79EFBC}") = "Base class with multiple derived classes", "Base class with multiple derived classes\Base class with multiple derived classes.csproj", "{E9A5539A-6E3E-413F-802B-840326978D95}"
EndProject
Global
	GlobalSection(SolutionConfigurationPlatforms) = preSolution
		Debug|Any CPU = Debug|Any CPU
		Release|Any CPU = Release|Any CPU
	EndGlobalSection
	GlobalSection(ProjectConfigurationPlatforms) = postSolution
		{7EC32196-9591-4B49-9DD7-310385DA9BFD}.Debug|Any CPU.ActiveCfg = Debug|Any CPU
		{7EC32196-9591-4B49-9DD7-310385DA9BFD}.Debug|Any CPU.Build.0 = Debug|Any CPU
		{7EC32196-9591-4B49-9DD7-310385DA9BFD}.Release|Any CPU.ActiveCfg = Release|Any CPU
		{7EC32196-9591-4B49-9DD7-310385DA9BFD}.Release|Any CPU.Build.0 = Release|Any CPU
		{74677B36-D0A6-44EE-B089-A9A6EA1F381C}.Debug|Any CPU.ActiveCfg = Debug|Any CPU
		{74677B36-D0A6-44EE-B089-A9A6EA1F381C}.Debug|Any CPU.Build.0 = Debug|Any CPU
		{74677B36-D0A6-44EE-B089-A9A6EA1F381C}.Release|Any CPU.ActiveCfg = Release|Any CPU
		{74677B36-D0A6-44EE-B089-A9A6EA1F381C}.Release|Any CPU.Build.0 = Release|Any CPU
		{CDCECB7D-37E9-4C85-8359-F30AC3C0A4CD}.Debug|Any CPU.ActiveCfg = Debug|Any CPU
		{CDCECB7D-37E9-4C85-8359-F30AC3C0A4CD}.Debug|Any CPU.Build.0 = Debug|Any CPU
		{CDCECB7D-37E9-4C85-8359-F30AC3C0A4CD}.Release|Any CPU.ActiveCfg = Release|Any CPU
		{CDCECB7D-37E9-4C85-8359-F30AC3C0A4CD}.Release|Any CPU.Build.0 = Release|Any CPU
		{D37EB81D-8659-417B-A98D-F62DC4B31E54}.Debug|Any CPU.ActiveCfg = Debug|Any CPU
		{D37EB81D-8659-417B-A98D-F62DC4B31E54}.Debug|Any CPU.Build.0 = Debug|Any CPU
		{D37EB81D-8659-417B-A98D-F62DC4B31E54}.Release|Any CPU.ActiveCfg = Release|Any CPU
		{D37EB81D-8659-417B-A98D-F62DC4B31E54}.Release|Any CPU.Build.0 = Release|Any CPU
		{F0E47983-4387-42E2-9692-451A213683E3}.Debug|Any CPU.ActiveCfg = Debug|Any CPU
		{F0E47983-4387-42E2-9692-451A213683E3}.Debug|Any CPU.Build.0 = Debug|Any CPU
		{F0E47983-4387-42E2-9692-451A213683E3}.Release|Any CPU.ActiveCfg = Release|Any CPU
		{F0E47983-4387-42E2-9692-451A213683E3}.Release|Any CPU.Build.0 = Release|Any CPU
		{A7375D2D-4F8A-4203-94BC-2835B35D33A9}.Debug|Any CPU.ActiveCfg = Debug|Any CPU
		{A7375D2D-4F8A-4203-94BC-2835B35D33A9}.Debug|Any CPU.Build.0 = Debug|Any CPU
		{A7375D2D-4F8A-4203-94BC-2835B35D33A9}.Release|Any CPU.ActiveCfg = Release|Any CPU
		{A7375D2D-4F8A-4203-94BC-2835B35D33A9}.Release|Any CPU.Build.0 = Release|Any CPU
		{CBF0D1D4-B7D3-4087-B818-93BC43B6DBE7}.Debug|Any CPU.ActiveCfg = Debug|Any CPU
		{CBF0D1D4-B7D3-4087-B818-93BC43B6DBE7}.Debug|Any CPU.Build.0 = Debug|Any CPU
		{CBF0D1D4-B7D3-4087-B818-93BC43B6DBE7}.Release|Any CPU.ActiveCfg = Release|Any CPU
		{CBF0D1D4-B7D3-4087-B818-93BC43B6DBE7}.Release|Any CPU.Build.0 = Release|Any CPU
		{F9CD294D-8431-47CF-A23F-04431950773C}.Debug|Any CPU.ActiveCfg = Debug|Any CPU
		{F9CD294D-8431-47CF-A23F-04431950773C}.Debug|Any CPU.Build.0 = Debug|Any CPU
		{F9CD294D-8431-47CF-A23F-04431950773C}.Release|Any CPU.ActiveCfg = Release|Any CPU
		{F9CD294D-8431-47CF-A23F-04431950773C}.Release|Any CPU.Build.0 = Release|Any CPU
		{4B8860E7-B06E-4AA1-A430-365F6345EA61}.Debug|Any CPU.ActiveCfg = Debug|Any CPU
		{4B8860E7-B06E-4AA1-A430-365F6345EA61}.Debug|Any CPU.Build.0 = Debug|Any CPU
		{4B8860E7-B06E-4AA1-A430-365F6345EA61}.Release|Any CPU.ActiveCfg = Release|Any CPU
		{4B8860E7-B06E-4AA1-A430-365F6345EA61}.Release|Any CPU.Build.0 = Release|Any CPU
		{F6129139-6159-4178-903E-67089ACABFC4}.Debug|Any CPU.ActiveCfg = Debug|Any CPU
		{F6129139-6159-4178-903E-67089ACABFC4}.Debug|Any CPU.Build.0 = Debug|Any CPU
		{F6129139-6159-4178-903E-67089ACABFC4}.Release|Any CPU.ActiveCfg = Release|Any CPU
		{F6129139-6159-4178-903E-67089ACABFC4}.Release|Any CPU.Build.0 = Release|Any CPU
		{E7D44532-B012-48C7-ACE0-A9863DF8FD42}.Debug|Any CPU.ActiveCfg = Debug|Any CPU
		{E7D44532-B012-48C7-ACE0-A9863DF8FD42}.Debug|Any CPU.Build.0 = Debug|Any CPU
		{E7D44532-B012-48C7-ACE0-A9863DF8FD42}.Release|Any CPU.ActiveCfg = Release|Any CPU
		{E7D44532-B012-48C7-ACE0-A9863DF8FD42}.Release|Any CPU.Build.0 = Release|Any CPU
		{C51517D4-F5C7-4E22-B326-BBC1FA70FBE9}.Debug|Any CPU.ActiveCfg = Debug|Any CPU
		{C51517D4-F5C7-4E22-B326-BBC1FA70FBE9}.Debug|Any CPU.Build.0 = Debug|Any CPU
		{C51517D4-F5C7-4E22-B326-BBC1FA70FBE9}.Release|Any CPU.ActiveCfg = Release|Any CPU
		{C51517D4-F5C7-4E22-B326-BBC1FA70FBE9}.Release|Any CPU.Build.0 = Release|Any CPU
		{71AAFDB3-2262-4C65-B5EB-93FE2A139BA0}.Debug|Any CPU.ActiveCfg = Debug|Any CPU
		{71AAFDB3-2262-4C65-B5EB-93FE2A139BA0}.Debug|Any CPU.Build.0 = Debug|Any CPU
		{71AAFDB3-2262-4C65-B5EB-93FE2A139BA0}.Release|Any CPU.ActiveCfg = Release|Any CPU
		{71AAFDB3-2262-4C65-B5EB-93FE2A139BA0}.Release|Any CPU.Build.0 = Release|Any CPU
		{3F7AC89A-862F-4F03-967E-C17D55D98049}.Debug|Any CPU.ActiveCfg = Debug|Any CPU
		{3F7AC89A-862F-4F03-967E-C17D55D98049}.Debug|Any CPU.Build.0 = Debug|Any CPU
		{3F7AC89A-862F-4F03-967E-C17D55D98049}.Release|Any CPU.ActiveCfg = Release|Any CPU
		{3F7AC89A-862F-4F03-967E-C17D55D98049}.Release|Any CPU.Build.0 = Release|Any CPU
		{D4023CD9-2114-4817-AAB8-E7D009A6CE7A}.Debug|Any CPU.ActiveCfg = Debug|Any CPU
		{D4023CD9-2114-4817-AAB8-E7D009A6CE7A}.Debug|Any CPU.Build.0 = Debug|Any CPU
		{D4023CD9-2114-4817-AAB8-E7D009A6CE7A}.Release|Any CPU.ActiveCfg = Release|Any CPU
		{D4023CD9-2114-4817-AAB8-E7D009A6CE7A}.Release|Any CPU.Build.0 = Release|Any CPU
		{C3E90B08-E88E-4D02-84BF-0452B5CCD941}.Debug|Any CPU.ActiveCfg = Debug|Any CPU
		{C3E90B08-E88E-4D02-84BF-0452B5CCD941}.Debug|Any CPU.Build.0 = Debug|Any CPU
		{C3E90B08-E88E-4D02-84BF-0452B5CCD941}.Release|Any CPU.ActiveCfg = Release|Any CPU
		{C3E90B08-E88E-4D02-84BF-0452B5CCD941}.Release|Any CPU.Build.0 = Release|Any CPU
		{3A2915BD-581B-4E74-A97B-9F1CA5E5ECD1}.Debug|Any CPU.ActiveCfg = Debug|Any CPU
		{3A2915BD-581B-4E74-A97B-9F1CA5E5ECD1}.Debug|Any CPU.Build.0 = Debug|Any CPU
		{3A2915BD-581B-4E74-A97B-9F1CA5E5ECD1}.Release|Any CPU.ActiveCfg = Release|Any CPU
		{3A2915BD-581B-4E74-A97B-9F1CA5E5ECD1}.Release|Any CPU.Build.0 = Release|Any CPU
		{571EDD0C-0DF2-476E-874F-282990D09630}.Debug|Any CPU.ActiveCfg = Debug|Any CPU
		{571EDD0C-0DF2-476E-874F-282990D09630}.Debug|Any CPU.Build.0 = Debug|Any CPU
		{571EDD0C-0DF2-476E-874F-282990D09630}.Release|Any CPU.ActiveCfg = Release|Any CPU
		{571EDD0C-0DF2-476E-874F-282990D09630}.Release|Any CPU.Build.0 = Release|Any CPU
		{B7B8AF62-D877-42D9-A147-5962F94605B3}.Debug|Any CPU.ActiveCfg = Debug|Any CPU
		{B7B8AF62-D877-42D9-A147-5962F94605B3}.Debug|Any CPU.Build.0 = Debug|Any CPU
		{B7B8AF62-D877-42D9-A147-5962F94605B3}.Release|Any CPU.ActiveCfg = Release|Any CPU
		{B7B8AF62-D877-42D9-A147-5962F94605B3}.Release|Any CPU.Build.0 = Release|Any CPU
		{37114303-A9F1-4DF9-A634-3A796A4D08CA}.Debug|Any CPU.ActiveCfg = Debug|Any CPU
		{37114303-A9F1-4DF9-A634-3A796A4D08CA}.Debug|Any CPU.Build.0 = Debug|Any CPU
		{37114303-A9F1-4DF9-A634-3A796A4D08CA}.Release|Any CPU.ActiveCfg = Release|Any CPU
		{37114303-A9F1-4DF9-A634-3A796A4D08CA}.Release|Any CPU.Build.0 = Release|Any CPU
		{CF4A8475-BF2A-4A16-A2AE-D0CF81C6E73D}.Debug|Any CPU.ActiveCfg = Debug|Any CPU
		{CF4A8475-BF2A-4A16-A2AE-D0CF81C6E73D}.Debug|Any CPU.Build.0 = Debug|Any CPU
		{CF4A8475-BF2A-4A16-A2AE-D0CF81C6E73D}.Release|Any CPU.ActiveCfg = Release|Any CPU
		{CF4A8475-BF2A-4A16-A2AE-D0CF81C6E73D}.Release|Any CPU.Build.0 = Release|Any CPU
		{8A7FF876-2527-44C2-BE6E-F55BA40FA32A}.Debug|Any CPU.ActiveCfg = Debug|Any CPU
		{8A7FF876-2527-44C2-BE6E-F55BA40FA32A}.Debug|Any CPU.Build.0 = Debug|Any CPU
		{8A7FF876-2527-44C2-BE6E-F55BA40FA32A}.Release|Any CPU.ActiveCfg = Release|Any CPU
		{8A7FF876-2527-44C2-BE6E-F55BA40FA32A}.Release|Any CPU.Build.0 = Release|Any CPU
		{90FA0A60-AB54-4EB2-B9EF-79D2B308B023}.Debug|Any CPU.ActiveCfg = Debug|Any CPU
		{90FA0A60-AB54-4EB2-B9EF-79D2B308B023}.Debug|Any CPU.Build.0 = Debug|Any CPU
		{90FA0A60-AB54-4EB2-B9EF-79D2B308B023}.Release|Any CPU.ActiveCfg = Release|Any CPU
		{90FA0A60-AB54-4EB2-B9EF-79D2B308B023}.Release|Any CPU.Build.0 = Release|Any CPU
		{E9A5539A-6E3E-413F-802B-840326978D95}.Debug|Any CPU.ActiveCfg = Debug|Any CPU
		{E9A5539A-6E3E-413F-802B-840326978D95}.Debug|Any CPU.Build.0 = Debug|Any CPU
		{E9A5539A-6E3E-413F-802B-840326978D95}.Release|Any CPU.ActiveCfg = Release|Any CPU
		{E9A5539A-6E3E-413F-802B-840326978D95}.Release|Any CPU.Build.0 = Release|Any CPU
	EndGlobalSection
	GlobalSection(SolutionProperties) = preSolution
		HideSolutionNode = FALSE
	EndGlobalSection
	GlobalSection(ExtensibilityGlobals) = postSolution
		SolutionGuid = {534BED3A-B00A-462B-A23C-A1F9F0B78C32}
	EndGlobalSection
EndGlobal
