
Microsoft Visual Studio Solution File, Format Version 12.00
# Visual Studio Version 17
VisualStudioVersion = 17.4.33213.308
MinimumVisualStudioVersion = 10.0.40219.1
Project("{9A19103F-16F7-4668-BE54-9A1E7A4F7556}") = "Day of the week", "Day of the week\Day of the week.csproj", "{7EC32196-9591-4B49-9DD7-310385DA9BFD}"
EndProject
Project("{9A19103F-16F7-4668-BE54-9A1E7A4F7556}") = "Castle Battle", "Castle Battle\Castle Battle.csproj", "{74677B36-D0A6-44EE-B089-A9A6EA1F381C}"
EndProject
Project("{9A19103F-16F7-4668-BE54-9A1E7A4F7556}") = "F1 Season 2022", "F1 Season 2022\F1 Season 2022.csproj", "{CDCECB7D-37E9-4C85-8359-F30AC3C0A4CD}"
EndProject
Project("{9A19103F-16F7-4668-BE54-9A1E7A4F7556}") = "File reading", "File reading\File reading.csproj", "{D37EB81D-8659-417B-A98D-F62DC4B31E54}"
EndProject
Project("{9A19103F-16F7-4668-BE54-9A1E7A4F7556}") = "File writing", "File writing\File writing.csproj", "{F0E47983-4387-42E2-9692-451A213683E3}"
EndProject
Project("{9A19103F-16F7-4668-BE54-9A1E7A4F7556}") = "Reading and updating values in JSON files", "Reading and updating values in JSON files\Reading and updating values in JSON files.csproj", "{A7375D2D-4F8A-4203-94BC-2835B35D33A9}"
EndProject
Project("{9A19103F-16F7-4668-BE54-9A1E7A4F7556}") = "Reading and updating objects in JSON files", "Reading and updating objects in JSON files\Reading and updating objects in JSON files.csproj", "{CBF0D1D4-B7D3-4087-B818-93BC43B6DBE7}"
EndProject
Project("{9A19103F-16F7-4668-BE54-9A1E7A4F7556}") = "Classes with objects for fields and JSON files", "Classes with objects for fields and JSON files\Classes with objects for fields and JSON files.csproj", "{F9CD294D-8431-47CF-A23F-04431950773C}"
EndProject
Project("{9A19103F-16F7-4668-BE54-9A1E7A4F7556}") = "Files and general exception handling", "Files and general exception handling\Files and general exception handling.csproj", "{4B8860E7-B06E-4AA1-A430-365F6345EA61}"
EndProject
Project("{9A19103F-16F7-4668-BE54-9A1E7A4F7556}") = "Files and specific exception handling", "Files and specific exception handling\Files and specific exception handling.csproj", "{F6129139-6159-4178-903E-67089ACABFC4}"
EndProject
Project("{9A19103F-16F7-4668-BE54-9A1E7A4F7556}") = "finally block", "finally block\finally block.csproj", "{E7D44532-B012-48C7-ACE0-A9863DF8FD42}"
EndProject
Project("{9A19103F-16F7-4668-BE54-9A1E7A4F7556}") = "Where is my money", "Where is my money\Where is my money.csproj", "{C51517D4-F5C7-4E22-B326-BBC1FA70FBE9}"
EndProject
Project("{9A19103F-16F7-4668-BE54-9A1E7A4F7556}") = "Method overloading", "Method overloading\Method overloading.csproj", "{71AAFDB3-2262-4C65-B5EB-93FE2A139BA0}"
EndProject
Project("{9A19103F-16F7-4668-BE54-9A1E7A4F7556}") = "Constructor overloading", "Constructor overloading\Constructor overloading.csproj", "{3F7AC89A-862F-4F03-967E-C17D55D98049}"
EndProject
Project("{9A19103F-16F7-4668-BE54-9A1E7A4F7556}") = "Constructor chaining", "Constructor chaining\Constructor chaining.csproj", "{D4023CD9-2114-4817-AAB8-E7D009A6CE7A}"
EndProject
Project("{9A19103F-16F7-4668-BE54-9A1E7A4F7556}") = "Overloading default and copy constructor", "Overloading default and copy constructor\Overloading default and copy constructor.csproj", "{C3E90B08-E88E-4D02-84BF-0452B5CCD941}"
EndProject
Project("{9A19103F-16F7-4668-BE54-9A1E7A4F7556}") = "Ambiguous method call", "Ambiguous method call\Ambiguous method call.csproj", "{3A2915BD-581B-4E74-A97B-9F1CA5E5ECD1}"
EndProject
Project("{9A19103F-16F7-4668-BE54-9A1E7A4F7556}") = "Grocery List with overloads", "Grocery List with overloads\Grocery List with overloads.csproj", "{571EDD0C-0DF2-476E-874F-282990D09630}"
EndProject
Project("{9A19103F-16F7-4668-BE54-9A1E7A4F7556}") = "Library", "Library\Library.csproj", "{B7B8AF62-D877-42D9-A147-5962F94605B3}"
EndProject
Project("{9A19103F-16F7-4668-BE54-9A1E7A4F7556}") = "Creating objects of inherited classes", "Creating objects of inherited classes\Creating objects of inherited classes.csproj", "{37114303-A9F1-4DF9-A634-3A796A4D08CA}"
EndProject
Project("{9A19103F-16F7-4668-BE54-9A1E7A4F7556}") = "Parameters to base constructor", "Parameters to base constructor\Parameters to base constructor.csproj", "{CF4A8475-BF2A-4A16-A2AE-D0CF81C6E73D}"
EndProject
Project("{9A19103F-16F7-4668-BE54-9A1E7A4F7556}") = "Keyword is, object looping and casting", "Keyword is, object looping and casting\Keyword is, object looping and casting.csproj", "{8A7FF876-2527-44C2-BE6E-F55BA40FA32A}"
EndProject
Project("{9A19103F-16F7-4668-BE54-9A1E7A4F7556}") = "virtual and override", "virtual and override\virtual and override.csproj", "{90FA0A60-AB54-4EB2-B9EF-79D2B308B023}"
EndProject
Project("{9A19103F-16F7-4668-BE54-9A1E7A4F7556}") = "Base class with multiple derived classes", "Base class with multiple derived classes\Base class with multiple derived classes.csproj", "{E9A5539A-6E3E-413F-802B-840326978D95}"
EndProject
Project("{9A19103F-16F7-4668-BE54-9A1E7A4F7556}") = "Derived and derived further", "Derived and derived further\Derived and derived further.csproj", "{A187C05B-374E-47CC-9184-A403DDB2D538}"
EndProject
Project("{9A19103F-16F7-4668-BE54-9A1E7A4F7556}") = "The Object class", "The Object class\The Object class.csproj", "{2F9919E8-28B9-4129-93E6-C46AADE4F0DA}"
EndProject
Project("{9A19103F-16F7-4668-BE54-9A1E7A4F7556}") = "Keyword as", "Keyword as\Keyword as.csproj", "{955BF834-A3A0-428D-99F8-0138631FC9C5}"
EndProject
Project("{9A19103F-16F7-4668-BE54-9A1E7A4F7556}") = "E-commerce", "E-commerce\E-commerce.csproj", "{D0E23AFA-318A-4C92-B8D7-1D53EE0EAC1B}"
EndProject
Project("{9A19103F-16F7-4668-BE54-9A1E7A4F7556}") = "Which method", "Which method\Which method.csproj", "{25BE12EE-8FF8-4469-A011-6F6AA77BAFB8}"
EndProject
Project("{9A19103F-16F7-4668-BE54-9A1E7A4F7556}") = "Programmer goes shopping", "Programmer goes shopping\Programmer goes shopping.csproj", "{6209B2BF-7A9E-4EE2-B75E-E5138CEFEC9B}"
EndProject
Project("{9A19103F-16F7-4668-BE54-9A1E7A4F7556}") = "Private fields and methods", "Private fields and methods\Private fields and methods.csproj", "{8085DF24-0005-4C69-A7CF-0B7BA82FBF8E}"
EndProject
Project("{9A19103F-16F7-4668-BE54-9A1E7A4F7556}") = "Protected fields and methods", "Protected fields and methods\Protected fields and methods.csproj", "{EB727CD4-9266-4CAD-941F-5F54D2FC6A87}"
EndProject
Project("{9A19103F-16F7-4668-BE54-9A1E7A4F7556}") = "Properties - read-only", "Properties - read-only\Properties - read-only.csproj", "{8F1B2195-D8C6-46BD-8F4C-9E3DA4C520F0}"
EndProject
Project("{9A19103F-16F7-4668-BE54-9A1E7A4F7556}") = "Properties - read, write, property set validation", "Properties - read, write, property set validation\Properties - read, write, property set validation.csproj", "{4CF34CDD-B55B-4C15-87F7-AC62A986C534}"
EndProject
Project("{9A19103F-16F7-4668-BE54-9A1E7A4F7556}") = "Properties - virtual and override", "Properties - virtual and override\Properties - virtual and override.csproj", "{E3436D7A-D10E-4105-9267-82EDF9E93822}"
EndProject
Project("{9A19103F-16F7-4668-BE54-9A1E7A4F7556}") = "Properties - access modifiers", "Properties - access modifiers\Properties - access modifiers.csproj", "{4CE83ADE-7FE7-487E-8636-FDDE64E4FCAA}"
EndProject
Project("{9A19103F-16F7-4668-BE54-9A1E7A4F7556}") = "Property Problem", "Property Problem\Property Problem.csproj", "{DE0137E3-D05A-425B-95B7-129537605A01}"
EndProject
Project("{9A19103F-16F7-4668-BE54-9A1E7A4F7556}") = "Implement an interface", "Implement an interface\Implement an interface.csproj", "{B9244FC9-976B-417F-A7F1-FB5811FBEB53}"
EndProject
Project("{9A19103F-16F7-4668-BE54-9A1E7A4F7556}") = "Write and implement multiple interfaces", "Write and implement multiple interfaces\Write and implement multiple interfaces.csproj", "{E46D3975-0E04-41DC-8C73-488694818550}"
EndProject
Project("{9A19103F-16F7-4668-BE54-9A1E7A4F7556}") = "Interfaces with properties", "Interfaces with properties\Interfaces with properties.csproj", "{90FB7813-327E-4C06-855D-F66383153BFA}"
EndProject
Project("{9A19103F-16F7-4668-BE54-9A1E7A4F7556}") = "Working with interface objects", "Working with interface objects\Working with interface objects.csproj", "{B9671AAE-F16B-4893-8673-AD2BC9551932}"
EndProject
Project("{9A19103F-16F7-4668-BE54-9A1E7A4F7556}") = "Interfaces inheriting from other interfaces", "Interfaces inheriting from other interfaces\Interfaces inheriting from other interfaces.csproj", "{B29DFB84-ACEF-46A6-AC67-9397A1500EA9}"
EndProject
Project("{9A19103F-16F7-4668-BE54-9A1E7A4F7556}") = "Class with interface as member", "Class with interface as member\Class with interface as member.csproj", "{DBDE4165-3A12-4703-8B4E-69A201F06E88}"
EndProject
Project("{9A19103F-16F7-4668-BE54-9A1E7A4F7556}") = "Derived class that implements interface", "Derived class that implements interface\Derived class that implements interface.csproj", "{209E61E1-04C3-4854-B3DD-B96C654B7E7E}"
EndProject
Project("{9A19103F-16F7-4668-BE54-9A1E7A4F7556}") = "Create abstract class", "Create abstract class\Create abstract class.csproj", "{AD354148-A0A9-4F89-BACA-007AFA466934}"
EndProject
Project("{9A19103F-16F7-4668-BE54-9A1E7A4F7556}") = "Derive from abstract class", "Derive from abstract class\Derive from abstract class.csproj", "{3360FBDE-7AC0-4AB5-B04F-D686D051DBDD}"
EndProject
Project("{9A19103F-16F7-4668-BE54-9A1E7A4F7556}") = "Cast to abstract base class", "Cast to abstract base class\Cast to abstract base class.csproj", "{79CDA00E-48FC-42DF-941B-67E2CFD158BA}"
EndProject
Project("{9A19103F-16F7-4668-BE54-9A1E7A4F7556}") = "new method", "new method\new method.csproj", "{B4EB901D-D818-412B-9BD5-CD817A34EC73}"
EndProject
Project("{9A19103F-16F7-4668-BE54-9A1E7A4F7556}") = "using new methods", "using new methods\using new methods.csproj", "{86678988-7A61-4928-8F2B-7415A4A8752E}"
EndProject
Project("{9A19103F-16F7-4668-BE54-9A1E7A4F7556}") = "Lists were generic all along", "Lists were generic all along\Lists were generic all along.csproj", "{CD8BED65-A896-48C9-86BE-99BC363D5410}"
EndProject
Project("{9A19103F-16F7-4668-BE54-9A1E7A4F7556}") = "Generic method", "Generic method\Generic method.csproj", "{06C816F9-A2C9-4836-87C5-BCAA179C7822}"
EndProject
Project("{9A19103F-16F7-4668-BE54-9A1E7A4F7556}") = "Observer pattern", "Observer pattern\Observer pattern.csproj", "{21706317-5ADC-4AB8-8E89-8D9C7D387F4A}"
EndProject
Project("{9A19103F-16F7-4668-BE54-9A1E7A4F7556}") = "SAMPLE EXAM 3", "SAMPLE EXAM 3\SAMPLE EXAM 3.csproj", "{C8CC3478-E775-4116-A686-C97679C49EA7}"
EndProject
Project("{9A19103F-16F7-4668-BE54-9A1E7A4F7556}") = "SAMPLE EXAM 1", "SAMPLE EXAM 1\SAMPLE EXAM 1.csproj", "{B66A486F-E155-49FF-AA9A-CDA6CA961984}"
EndProject
Project("{9A19103F-16F7-4668-BE54-9A1E7A4F7556}") = "SAMPLE EXAM 2", "SAMPLE EXAM 2\SAMPLE EXAM 2.csproj", "{E42A6444-1D84-4CB0-94FF-F90418DDC5E8}"
EndProject
Project("{9A19103F-16F7-4668-BE54-9A1E7A4F7556}") = "Generic properties", "Generic properties\Generic properties.csproj", "{81C81975-776B-4E70-AA83-29F624A3917F}"
EndProject
Project("{9A19103F-16F7-4668-BE54-9A1E7A4F7556}") = "Multiple generic types", "Multiple generic types\Multiple generic types.csproj", "{DC707D10-FA21-4D51-9E61-361485050C9D}"
EndProject
Project("{9A19103F-16F7-4668-BE54-9A1E7A4F7556}") = "Method-level generics", "Method-level generics\Method-level generics.csproj", "{DDC3D1AC-F1FB-473D-96EC-822D195AC751}"
EndProject
Project("{9A19103F-16F7-4668-BE54-9A1E7A4F7556}") = "Default value of generic type", "Default value of generic type\Default value of generic type.csproj", "{9676DA96-50F7-4722-8BFC-BBA301AE5E38}"
EndProject
Project("{9A19103F-16F7-4668-BE54-9A1E7A4F7556}") = "Generic class inheritance to additional generic types", "Generic class inheritance to additional generic types\Generic class inheritance to additional generic types.csproj", "{74174E84-D04F-4984-B619-4BF2E795A0A3}"
EndProject
Project("{9A19103F-16F7-4668-BE54-9A1E7A4F7556}") = "Where", "Where\Where.csproj", "{2E695463-EED5-4858-88AE-EEC6DECE0D83}"
EndProject
Project("{9A19103F-16F7-4668-BE54-9A1E7A4F7556}") = "IComparable", "IComparable\IComparable.csproj", "{345C1FA6-3887-454B-81EA-8B72BEF03023}"
EndProject
Project("{9A19103F-16F7-4668-BE54-9A1E7A4F7556}") = "IEquatable (object of same class)", "IEquatable (object of same class)\IEquatable (object of same class).csproj", "{DD13B068-A805-47E8-B4C0-5E44B528D8EE}"
EndProject
Project("{9A19103F-16F7-4668-BE54-9A1E7A4F7556}") = "IEquatable (any object)", "IEquatable (any object)\IEquatable (any object).csproj", "{B4CB3CAC-9672-4F58-96EF-5620678FC315}"
EndProject
Project("{9A19103F-16F7-4668-BE54-9A1E7A4F7556}") = "yield return and IEnumerable", "yield return and IEnumerable\yield return and IEnumerable.csproj", "{88C41BFA-1A0D-4690-A367-89C4E57E5C71}"
EndProject
Project("{9A19103F-16F7-4668-BE54-9A1E7A4F7556}") = "Tuple - create", "Tuple - create\Tuple - create.csproj", "{E12A5F78-4D85-40E7-8BED-5C41C3BB1B9D}"
EndProject
Project("{9A19103F-16F7-4668-BE54-9A1E7A4F7556}") = "Tuple - accessing elements", "Tuple - accessing elements\Tuple - accessing elements.csproj", "{B19FB4C6-CAC9-40F7-B25A-BC218DFFC854}"
EndProject
Project("{9A19103F-16F7-4668-BE54-9A1E7A4F7556}") = "ValueTuple - create and access elements", "ValueTuple - create and access elements\ValueTuple - create and access elements.csproj", "{AEFAE4A2-4AFB-4E47-AB22-15E09DC26E49}"
EndProject
Project("{9A19103F-16F7-4668-BE54-9A1E7A4F7556}") = "Arrays - create", "Arrays - create\Arrays - create.csproj", "{CD6CACCB-EF68-47CC-B759-28795B5F5656}"
EndProject
Project("{9A19103F-16F7-4668-BE54-9A1E7A4F7556}") = "Arrays - create, access elements, Length", "Arrays - create, access elements, Length\Arrays - create, access elements, Length.csproj", "{483A8B94-DCAD-4726-9093-71325B9B955B}"
EndProject
Project("{9A19103F-16F7-4668-BE54-9A1E7A4F7556}") = "Arrays - Sort and Reverse", "Arrays - Sort and Reverse\Arrays - Sort and Reverse.csproj", "{7BF21D8C-1083-4D22-B542-B3D8DFA0A2D3}"
EndProject
Project("{9A19103F-16F7-4668-BE54-9A1E7A4F7556}") = "Arrays - Copy", "Arrays - Copy\Arrays - Copy.csproj", "{9DAAA01E-BB34-4407-86AA-8A686F3FF510}"
EndProject
Project("{9A19103F-16F7-4668-BE54-9A1E7A4F7556}") = "Jagged array - looping", "Jagged array - looping\Jagged array - looping.csproj", "{607F7F79-B534-4383-88AB-9C2281DEA466}"
EndProject
Project("{9A19103F-16F7-4668-BE54-9A1E7A4F7556}") = "Jagged array - creating", "Jagged array - creating\Jagged array - creating.csproj", "{D620FDD2-C603-4545-A69F-43C1FA1AB735}"
EndProject
Project("{FAE04EC0-301F-11D3-BF4B-00C04F79EFBC}") = "N-dimensional arrays - looping", "N-dimensional arrays - looping\N-dimensional arrays - looping.csproj", "{2589ABD3-69E7-43CF-BDBD-DA74788CF15A}"
EndProject
Project("{FAE04EC0-301F-11D3-BF4B-00C04F79EFBC}") = "N-dimensional arrays - creating", "N-dimensional arrays - creating\N-dimensional arrays - creating.csproj", "{42AEDAD1-B04D-4EDF-8A40-F946AF1CF239}"
EndProject
Global
	GlobalSection(SolutionConfigurationPlatforms) = preSolution
		Debug|Any CPU = Debug|Any CPU
		Release|Any CPU = Release|Any CPU
	EndGlobalSection
	GlobalSection(ProjectConfigurationPlatforms) = postSolution
		{7EC32196-9591-4B49-9DD7-310385DA9BFD}.Debug|Any CPU.ActiveCfg = Debug|Any CPU
		{7EC32196-9591-4B49-9DD7-310385DA9BFD}.Debug|Any CPU.Build.0 = Debug|Any CPU
		{7EC32196-9591-4B49-9DD7-310385DA9BFD}.Release|Any CPU.ActiveCfg = Release|Any CPU
		{7EC32196-9591-4B49-9DD7-310385DA9BFD}.Release|Any CPU.Build.0 = Release|Any CPU
		{74677B36-D0A6-44EE-B089-A9A6EA1F381C}.Debug|Any CPU.ActiveCfg = Debug|Any CPU
		{74677B36-D0A6-44EE-B089-A9A6EA1F381C}.Debug|Any CPU.Build.0 = Debug|Any CPU
		{74677B36-D0A6-44EE-B089-A9A6EA1F381C}.Release|Any CPU.ActiveCfg = Release|Any CPU
		{74677B36-D0A6-44EE-B089-A9A6EA1F381C}.Release|Any CPU.Build.0 = Release|Any CPU
		{CDCECB7D-37E9-4C85-8359-F30AC3C0A4CD}.Debug|Any CPU.ActiveCfg = Debug|Any CPU
		{CDCECB7D-37E9-4C85-8359-F30AC3C0A4CD}.Debug|Any CPU.Build.0 = Debug|Any CPU
		{CDCECB7D-37E9-4C85-8359-F30AC3C0A4CD}.Release|Any CPU.ActiveCfg = Release|Any CPU
		{CDCECB7D-37E9-4C85-8359-F30AC3C0A4CD}.Release|Any CPU.Build.0 = Release|Any CPU
		{D37EB81D-8659-417B-A98D-F62DC4B31E54}.Debug|Any CPU.ActiveCfg = Debug|Any CPU
		{D37EB81D-8659-417B-A98D-F62DC4B31E54}.Debug|Any CPU.Build.0 = Debug|Any CPU
		{D37EB81D-8659-417B-A98D-F62DC4B31E54}.Release|Any CPU.ActiveCfg = Release|Any CPU
		{D37EB81D-8659-417B-A98D-F62DC4B31E54}.Release|Any CPU.Build.0 = Release|Any CPU
		{F0E47983-4387-42E2-9692-451A213683E3}.Debug|Any CPU.ActiveCfg = Debug|Any CPU
		{F0E47983-4387-42E2-9692-451A213683E3}.Debug|Any CPU.Build.0 = Debug|Any CPU
		{F0E47983-4387-42E2-9692-451A213683E3}.Release|Any CPU.ActiveCfg = Release|Any CPU
		{F0E47983-4387-42E2-9692-451A213683E3}.Release|Any CPU.Build.0 = Release|Any CPU
		{A7375D2D-4F8A-4203-94BC-2835B35D33A9}.Debug|Any CPU.ActiveCfg = Debug|Any CPU
		{A7375D2D-4F8A-4203-94BC-2835B35D33A9}.Debug|Any CPU.Build.0 = Debug|Any CPU
		{A7375D2D-4F8A-4203-94BC-2835B35D33A9}.Release|Any CPU.ActiveCfg = Release|Any CPU
		{A7375D2D-4F8A-4203-94BC-2835B35D33A9}.Release|Any CPU.Build.0 = Release|Any CPU
		{CBF0D1D4-B7D3-4087-B818-93BC43B6DBE7}.Debug|Any CPU.ActiveCfg = Debug|Any CPU
		{CBF0D1D4-B7D3-4087-B818-93BC43B6DBE7}.Debug|Any CPU.Build.0 = Debug|Any CPU
		{CBF0D1D4-B7D3-4087-B818-93BC43B6DBE7}.Release|Any CPU.ActiveCfg = Release|Any CPU
		{CBF0D1D4-B7D3-4087-B818-93BC43B6DBE7}.Release|Any CPU.Build.0 = Release|Any CPU
		{F9CD294D-8431-47CF-A23F-04431950773C}.Debug|Any CPU.ActiveCfg = Debug|Any CPU
		{F9CD294D-8431-47CF-A23F-04431950773C}.Debug|Any CPU.Build.0 = Debug|Any CPU
		{F9CD294D-8431-47CF-A23F-04431950773C}.Release|Any CPU.ActiveCfg = Release|Any CPU
		{F9CD294D-8431-47CF-A23F-04431950773C}.Release|Any CPU.Build.0 = Release|Any CPU
		{4B8860E7-B06E-4AA1-A430-365F6345EA61}.Debug|Any CPU.ActiveCfg = Debug|Any CPU
		{4B8860E7-B06E-4AA1-A430-365F6345EA61}.Debug|Any CPU.Build.0 = Debug|Any CPU
		{4B8860E7-B06E-4AA1-A430-365F6345EA61}.Release|Any CPU.ActiveCfg = Release|Any CPU
		{4B8860E7-B06E-4AA1-A430-365F6345EA61}.Release|Any CPU.Build.0 = Release|Any CPU
		{F6129139-6159-4178-903E-67089ACABFC4}.Debug|Any CPU.ActiveCfg = Debug|Any CPU
		{F6129139-6159-4178-903E-67089ACABFC4}.Debug|Any CPU.Build.0 = Debug|Any CPU
		{F6129139-6159-4178-903E-67089ACABFC4}.Release|Any CPU.ActiveCfg = Release|Any CPU
		{F6129139-6159-4178-903E-67089ACABFC4}.Release|Any CPU.Build.0 = Release|Any CPU
		{E7D44532-B012-48C7-ACE0-A9863DF8FD42}.Debug|Any CPU.ActiveCfg = Debug|Any CPU
		{E7D44532-B012-48C7-ACE0-A9863DF8FD42}.Debug|Any CPU.Build.0 = Debug|Any CPU
		{E7D44532-B012-48C7-ACE0-A9863DF8FD42}.Release|Any CPU.ActiveCfg = Release|Any CPU
		{E7D44532-B012-48C7-ACE0-A9863DF8FD42}.Release|Any CPU.Build.0 = Release|Any CPU
		{C51517D4-F5C7-4E22-B326-BBC1FA70FBE9}.Debug|Any CPU.ActiveCfg = Debug|Any CPU
		{C51517D4-F5C7-4E22-B326-BBC1FA70FBE9}.Debug|Any CPU.Build.0 = Debug|Any CPU
		{C51517D4-F5C7-4E22-B326-BBC1FA70FBE9}.Release|Any CPU.ActiveCfg = Release|Any CPU
		{C51517D4-F5C7-4E22-B326-BBC1FA70FBE9}.Release|Any CPU.Build.0 = Release|Any CPU
		{71AAFDB3-2262-4C65-B5EB-93FE2A139BA0}.Debug|Any CPU.ActiveCfg = Debug|Any CPU
		{71AAFDB3-2262-4C65-B5EB-93FE2A139BA0}.Debug|Any CPU.Build.0 = Debug|Any CPU
		{71AAFDB3-2262-4C65-B5EB-93FE2A139BA0}.Release|Any CPU.ActiveCfg = Release|Any CPU
		{71AAFDB3-2262-4C65-B5EB-93FE2A139BA0}.Release|Any CPU.Build.0 = Release|Any CPU
		{3F7AC89A-862F-4F03-967E-C17D55D98049}.Debug|Any CPU.ActiveCfg = Debug|Any CPU
		{3F7AC89A-862F-4F03-967E-C17D55D98049}.Debug|Any CPU.Build.0 = Debug|Any CPU
		{3F7AC89A-862F-4F03-967E-C17D55D98049}.Release|Any CPU.ActiveCfg = Release|Any CPU
		{3F7AC89A-862F-4F03-967E-C17D55D98049}.Release|Any CPU.Build.0 = Release|Any CPU
		{D4023CD9-2114-4817-AAB8-E7D009A6CE7A}.Debug|Any CPU.ActiveCfg = Debug|Any CPU
		{D4023CD9-2114-4817-AAB8-E7D009A6CE7A}.Debug|Any CPU.Build.0 = Debug|Any CPU
		{D4023CD9-2114-4817-AAB8-E7D009A6CE7A}.Release|Any CPU.ActiveCfg = Release|Any CPU
		{D4023CD9-2114-4817-AAB8-E7D009A6CE7A}.Release|Any CPU.Build.0 = Release|Any CPU
		{C3E90B08-E88E-4D02-84BF-0452B5CCD941}.Debug|Any CPU.ActiveCfg = Debug|Any CPU
		{C3E90B08-E88E-4D02-84BF-0452B5CCD941}.Debug|Any CPU.Build.0 = Debug|Any CPU
		{C3E90B08-E88E-4D02-84BF-0452B5CCD941}.Release|Any CPU.ActiveCfg = Release|Any CPU
		{C3E90B08-E88E-4D02-84BF-0452B5CCD941}.Release|Any CPU.Build.0 = Release|Any CPU
		{3A2915BD-581B-4E74-A97B-9F1CA5E5ECD1}.Debug|Any CPU.ActiveCfg = Debug|Any CPU
		{3A2915BD-581B-4E74-A97B-9F1CA5E5ECD1}.Debug|Any CPU.Build.0 = Debug|Any CPU
		{3A2915BD-581B-4E74-A97B-9F1CA5E5ECD1}.Release|Any CPU.ActiveCfg = Release|Any CPU
		{3A2915BD-581B-4E74-A97B-9F1CA5E5ECD1}.Release|Any CPU.Build.0 = Release|Any CPU
		{571EDD0C-0DF2-476E-874F-282990D09630}.Debug|Any CPU.ActiveCfg = Debug|Any CPU
		{571EDD0C-0DF2-476E-874F-282990D09630}.Debug|Any CPU.Build.0 = Debug|Any CPU
		{571EDD0C-0DF2-476E-874F-282990D09630}.Release|Any CPU.ActiveCfg = Release|Any CPU
		{571EDD0C-0DF2-476E-874F-282990D09630}.Release|Any CPU.Build.0 = Release|Any CPU
		{B7B8AF62-D877-42D9-A147-5962F94605B3}.Debug|Any CPU.ActiveCfg = Debug|Any CPU
		{B7B8AF62-D877-42D9-A147-5962F94605B3}.Debug|Any CPU.Build.0 = Debug|Any CPU
		{B7B8AF62-D877-42D9-A147-5962F94605B3}.Release|Any CPU.ActiveCfg = Release|Any CPU
		{B7B8AF62-D877-42D9-A147-5962F94605B3}.Release|Any CPU.Build.0 = Release|Any CPU
		{37114303-A9F1-4DF9-A634-3A796A4D08CA}.Debug|Any CPU.ActiveCfg = Debug|Any CPU
		{37114303-A9F1-4DF9-A634-3A796A4D08CA}.Debug|Any CPU.Build.0 = Debug|Any CPU
		{37114303-A9F1-4DF9-A634-3A796A4D08CA}.Release|Any CPU.ActiveCfg = Release|Any CPU
		{37114303-A9F1-4DF9-A634-3A796A4D08CA}.Release|Any CPU.Build.0 = Release|Any CPU
		{CF4A8475-BF2A-4A16-A2AE-D0CF81C6E73D}.Debug|Any CPU.ActiveCfg = Debug|Any CPU
		{CF4A8475-BF2A-4A16-A2AE-D0CF81C6E73D}.Debug|Any CPU.Build.0 = Debug|Any CPU
		{CF4A8475-BF2A-4A16-A2AE-D0CF81C6E73D}.Release|Any CPU.ActiveCfg = Release|Any CPU
		{CF4A8475-BF2A-4A16-A2AE-D0CF81C6E73D}.Release|Any CPU.Build.0 = Release|Any CPU
		{8A7FF876-2527-44C2-BE6E-F55BA40FA32A}.Debug|Any CPU.ActiveCfg = Debug|Any CPU
		{8A7FF876-2527-44C2-BE6E-F55BA40FA32A}.Debug|Any CPU.Build.0 = Debug|Any CPU
		{8A7FF876-2527-44C2-BE6E-F55BA40FA32A}.Release|Any CPU.ActiveCfg = Release|Any CPU
		{8A7FF876-2527-44C2-BE6E-F55BA40FA32A}.Release|Any CPU.Build.0 = Release|Any CPU
		{90FA0A60-AB54-4EB2-B9EF-79D2B308B023}.Debug|Any CPU.ActiveCfg = Debug|Any CPU
		{90FA0A60-AB54-4EB2-B9EF-79D2B308B023}.Debug|Any CPU.Build.0 = Debug|Any CPU
		{90FA0A60-AB54-4EB2-B9EF-79D2B308B023}.Release|Any CPU.ActiveCfg = Release|Any CPU
		{90FA0A60-AB54-4EB2-B9EF-79D2B308B023}.Release|Any CPU.Build.0 = Release|Any CPU
		{E9A5539A-6E3E-413F-802B-840326978D95}.Debug|Any CPU.ActiveCfg = Debug|Any CPU
		{E9A5539A-6E3E-413F-802B-840326978D95}.Debug|Any CPU.Build.0 = Debug|Any CPU
		{E9A5539A-6E3E-413F-802B-840326978D95}.Release|Any CPU.ActiveCfg = Release|Any CPU
		{E9A5539A-6E3E-413F-802B-840326978D95}.Release|Any CPU.Build.0 = Release|Any CPU
		{A187C05B-374E-47CC-9184-A403DDB2D538}.Debug|Any CPU.ActiveCfg = Debug|Any CPU
		{A187C05B-374E-47CC-9184-A403DDB2D538}.Debug|Any CPU.Build.0 = Debug|Any CPU
		{A187C05B-374E-47CC-9184-A403DDB2D538}.Release|Any CPU.ActiveCfg = Release|Any CPU
		{A187C05B-374E-47CC-9184-A403DDB2D538}.Release|Any CPU.Build.0 = Release|Any CPU
		{2F9919E8-28B9-4129-93E6-C46AADE4F0DA}.Debug|Any CPU.ActiveCfg = Debug|Any CPU
		{2F9919E8-28B9-4129-93E6-C46AADE4F0DA}.Debug|Any CPU.Build.0 = Debug|Any CPU
		{2F9919E8-28B9-4129-93E6-C46AADE4F0DA}.Release|Any CPU.ActiveCfg = Release|Any CPU
		{2F9919E8-28B9-4129-93E6-C46AADE4F0DA}.Release|Any CPU.Build.0 = Release|Any CPU
		{955BF834-A3A0-428D-99F8-0138631FC9C5}.Debug|Any CPU.ActiveCfg = Debug|Any CPU
		{955BF834-A3A0-428D-99F8-0138631FC9C5}.Debug|Any CPU.Build.0 = Debug|Any CPU
		{955BF834-A3A0-428D-99F8-0138631FC9C5}.Release|Any CPU.ActiveCfg = Release|Any CPU
		{955BF834-A3A0-428D-99F8-0138631FC9C5}.Release|Any CPU.Build.0 = Release|Any CPU
		{D0E23AFA-318A-4C92-B8D7-1D53EE0EAC1B}.Debug|Any CPU.ActiveCfg = Debug|Any CPU
		{D0E23AFA-318A-4C92-B8D7-1D53EE0EAC1B}.Debug|Any CPU.Build.0 = Debug|Any CPU
		{D0E23AFA-318A-4C92-B8D7-1D53EE0EAC1B}.Release|Any CPU.ActiveCfg = Release|Any CPU
		{D0E23AFA-318A-4C92-B8D7-1D53EE0EAC1B}.Release|Any CPU.Build.0 = Release|Any CPU
		{25BE12EE-8FF8-4469-A011-6F6AA77BAFB8}.Debug|Any CPU.ActiveCfg = Debug|Any CPU
		{25BE12EE-8FF8-4469-A011-6F6AA77BAFB8}.Debug|Any CPU.Build.0 = Debug|Any CPU
		{25BE12EE-8FF8-4469-A011-6F6AA77BAFB8}.Release|Any CPU.ActiveCfg = Release|Any CPU
		{25BE12EE-8FF8-4469-A011-6F6AA77BAFB8}.Release|Any CPU.Build.0 = Release|Any CPU
		{6209B2BF-7A9E-4EE2-B75E-E5138CEFEC9B}.Debug|Any CPU.ActiveCfg = Debug|Any CPU
		{6209B2BF-7A9E-4EE2-B75E-E5138CEFEC9B}.Debug|Any CPU.Build.0 = Debug|Any CPU
		{6209B2BF-7A9E-4EE2-B75E-E5138CEFEC9B}.Release|Any CPU.ActiveCfg = Release|Any CPU
		{6209B2BF-7A9E-4EE2-B75E-E5138CEFEC9B}.Release|Any CPU.Build.0 = Release|Any CPU
		{8085DF24-0005-4C69-A7CF-0B7BA82FBF8E}.Debug|Any CPU.ActiveCfg = Debug|Any CPU
		{8085DF24-0005-4C69-A7CF-0B7BA82FBF8E}.Debug|Any CPU.Build.0 = Debug|Any CPU
		{8085DF24-0005-4C69-A7CF-0B7BA82FBF8E}.Release|Any CPU.ActiveCfg = Release|Any CPU
		{8085DF24-0005-4C69-A7CF-0B7BA82FBF8E}.Release|Any CPU.Build.0 = Release|Any CPU
		{EB727CD4-9266-4CAD-941F-5F54D2FC6A87}.Debug|Any CPU.ActiveCfg = Debug|Any CPU
		{EB727CD4-9266-4CAD-941F-5F54D2FC6A87}.Debug|Any CPU.Build.0 = Debug|Any CPU
		{EB727CD4-9266-4CAD-941F-5F54D2FC6A87}.Release|Any CPU.ActiveCfg = Release|Any CPU
		{EB727CD4-9266-4CAD-941F-5F54D2FC6A87}.Release|Any CPU.Build.0 = Release|Any CPU
		{8F1B2195-D8C6-46BD-8F4C-9E3DA4C520F0}.Debug|Any CPU.ActiveCfg = Debug|Any CPU
		{8F1B2195-D8C6-46BD-8F4C-9E3DA4C520F0}.Debug|Any CPU.Build.0 = Debug|Any CPU
		{8F1B2195-D8C6-46BD-8F4C-9E3DA4C520F0}.Release|Any CPU.ActiveCfg = Release|Any CPU
		{8F1B2195-D8C6-46BD-8F4C-9E3DA4C520F0}.Release|Any CPU.Build.0 = Release|Any CPU
		{4CF34CDD-B55B-4C15-87F7-AC62A986C534}.Debug|Any CPU.ActiveCfg = Debug|Any CPU
		{4CF34CDD-B55B-4C15-87F7-AC62A986C534}.Debug|Any CPU.Build.0 = Debug|Any CPU
		{4CF34CDD-B55B-4C15-87F7-AC62A986C534}.Release|Any CPU.ActiveCfg = Release|Any CPU
		{4CF34CDD-B55B-4C15-87F7-AC62A986C534}.Release|Any CPU.Build.0 = Release|Any CPU
		{E3436D7A-D10E-4105-9267-82EDF9E93822}.Debug|Any CPU.ActiveCfg = Debug|Any CPU
		{E3436D7A-D10E-4105-9267-82EDF9E93822}.Debug|Any CPU.Build.0 = Debug|Any CPU
		{E3436D7A-D10E-4105-9267-82EDF9E93822}.Release|Any CPU.ActiveCfg = Release|Any CPU
		{E3436D7A-D10E-4105-9267-82EDF9E93822}.Release|Any CPU.Build.0 = Release|Any CPU
		{4CE83ADE-7FE7-487E-8636-FDDE64E4FCAA}.Debug|Any CPU.ActiveCfg = Debug|Any CPU
		{4CE83ADE-7FE7-487E-8636-FDDE64E4FCAA}.Debug|Any CPU.Build.0 = Debug|Any CPU
		{4CE83ADE-7FE7-487E-8636-FDDE64E4FCAA}.Release|Any CPU.ActiveCfg = Release|Any CPU
		{4CE83ADE-7FE7-487E-8636-FDDE64E4FCAA}.Release|Any CPU.Build.0 = Release|Any CPU
		{DE0137E3-D05A-425B-95B7-129537605A01}.Debug|Any CPU.ActiveCfg = Debug|Any CPU
		{DE0137E3-D05A-425B-95B7-129537605A01}.Debug|Any CPU.Build.0 = Debug|Any CPU
		{DE0137E3-D05A-425B-95B7-129537605A01}.Release|Any CPU.ActiveCfg = Release|Any CPU
		{DE0137E3-D05A-425B-95B7-129537605A01}.Release|Any CPU.Build.0 = Release|Any CPU
		{B9244FC9-976B-417F-A7F1-FB5811FBEB53}.Debug|Any CPU.ActiveCfg = Debug|Any CPU
		{B9244FC9-976B-417F-A7F1-FB5811FBEB53}.Debug|Any CPU.Build.0 = Debug|Any CPU
		{B9244FC9-976B-417F-A7F1-FB5811FBEB53}.Release|Any CPU.ActiveCfg = Release|Any CPU
		{B9244FC9-976B-417F-A7F1-FB5811FBEB53}.Release|Any CPU.Build.0 = Release|Any CPU
		{E46D3975-0E04-41DC-8C73-488694818550}.Debug|Any CPU.ActiveCfg = Debug|Any CPU
		{E46D3975-0E04-41DC-8C73-488694818550}.Debug|Any CPU.Build.0 = Debug|Any CPU
		{E46D3975-0E04-41DC-8C73-488694818550}.Release|Any CPU.ActiveCfg = Release|Any CPU
		{E46D3975-0E04-41DC-8C73-488694818550}.Release|Any CPU.Build.0 = Release|Any CPU
		{90FB7813-327E-4C06-855D-F66383153BFA}.Debug|Any CPU.ActiveCfg = Debug|Any CPU
		{90FB7813-327E-4C06-855D-F66383153BFA}.Debug|Any CPU.Build.0 = Debug|Any CPU
		{90FB7813-327E-4C06-855D-F66383153BFA}.Release|Any CPU.ActiveCfg = Release|Any CPU
		{90FB7813-327E-4C06-855D-F66383153BFA}.Release|Any CPU.Build.0 = Release|Any CPU
		{B9671AAE-F16B-4893-8673-AD2BC9551932}.Debug|Any CPU.ActiveCfg = Debug|Any CPU
		{B9671AAE-F16B-4893-8673-AD2BC9551932}.Debug|Any CPU.Build.0 = Debug|Any CPU
		{B9671AAE-F16B-4893-8673-AD2BC9551932}.Release|Any CPU.ActiveCfg = Release|Any CPU
		{B9671AAE-F16B-4893-8673-AD2BC9551932}.Release|Any CPU.Build.0 = Release|Any CPU
		{B29DFB84-ACEF-46A6-AC67-9397A1500EA9}.Debug|Any CPU.ActiveCfg = Debug|Any CPU
		{B29DFB84-ACEF-46A6-AC67-9397A1500EA9}.Debug|Any CPU.Build.0 = Debug|Any CPU
		{B29DFB84-ACEF-46A6-AC67-9397A1500EA9}.Release|Any CPU.ActiveCfg = Release|Any CPU
		{B29DFB84-ACEF-46A6-AC67-9397A1500EA9}.Release|Any CPU.Build.0 = Release|Any CPU
		{DBDE4165-3A12-4703-8B4E-69A201F06E88}.Debug|Any CPU.ActiveCfg = Debug|Any CPU
		{DBDE4165-3A12-4703-8B4E-69A201F06E88}.Debug|Any CPU.Build.0 = Debug|Any CPU
		{DBDE4165-3A12-4703-8B4E-69A201F06E88}.Release|Any CPU.ActiveCfg = Release|Any CPU
		{DBDE4165-3A12-4703-8B4E-69A201F06E88}.Release|Any CPU.Build.0 = Release|Any CPU
		{209E61E1-04C3-4854-B3DD-B96C654B7E7E}.Debug|Any CPU.ActiveCfg = Debug|Any CPU
		{209E61E1-04C3-4854-B3DD-B96C654B7E7E}.Debug|Any CPU.Build.0 = Debug|Any CPU
		{209E61E1-04C3-4854-B3DD-B96C654B7E7E}.Release|Any CPU.ActiveCfg = Release|Any CPU
		{209E61E1-04C3-4854-B3DD-B96C654B7E7E}.Release|Any CPU.Build.0 = Release|Any CPU
		{AD354148-A0A9-4F89-BACA-007AFA466934}.Debug|Any CPU.ActiveCfg = Debug|Any CPU
		{AD354148-A0A9-4F89-BACA-007AFA466934}.Debug|Any CPU.Build.0 = Debug|Any CPU
		{AD354148-A0A9-4F89-BACA-007AFA466934}.Release|Any CPU.ActiveCfg = Release|Any CPU
		{AD354148-A0A9-4F89-BACA-007AFA466934}.Release|Any CPU.Build.0 = Release|Any CPU
		{3360FBDE-7AC0-4AB5-B04F-D686D051DBDD}.Debug|Any CPU.ActiveCfg = Debug|Any CPU
		{3360FBDE-7AC0-4AB5-B04F-D686D051DBDD}.Debug|Any CPU.Build.0 = Debug|Any CPU
		{3360FBDE-7AC0-4AB5-B04F-D686D051DBDD}.Release|Any CPU.ActiveCfg = Release|Any CPU
		{3360FBDE-7AC0-4AB5-B04F-D686D051DBDD}.Release|Any CPU.Build.0 = Release|Any CPU
		{79CDA00E-48FC-42DF-941B-67E2CFD158BA}.Debug|Any CPU.ActiveCfg = Debug|Any CPU
		{79CDA00E-48FC-42DF-941B-67E2CFD158BA}.Debug|Any CPU.Build.0 = Debug|Any CPU
		{79CDA00E-48FC-42DF-941B-67E2CFD158BA}.Release|Any CPU.ActiveCfg = Release|Any CPU
		{79CDA00E-48FC-42DF-941B-67E2CFD158BA}.Release|Any CPU.Build.0 = Release|Any CPU
		{B4EB901D-D818-412B-9BD5-CD817A34EC73}.Debug|Any CPU.ActiveCfg = Debug|Any CPU
		{B4EB901D-D818-412B-9BD5-CD817A34EC73}.Debug|Any CPU.Build.0 = Debug|Any CPU
		{B4EB901D-D818-412B-9BD5-CD817A34EC73}.Release|Any CPU.ActiveCfg = Release|Any CPU
		{B4EB901D-D818-412B-9BD5-CD817A34EC73}.Release|Any CPU.Build.0 = Release|Any CPU
		{86678988-7A61-4928-8F2B-7415A4A8752E}.Debug|Any CPU.ActiveCfg = Debug|Any CPU
		{86678988-7A61-4928-8F2B-7415A4A8752E}.Debug|Any CPU.Build.0 = Debug|Any CPU
		{86678988-7A61-4928-8F2B-7415A4A8752E}.Release|Any CPU.ActiveCfg = Release|Any CPU
		{86678988-7A61-4928-8F2B-7415A4A8752E}.Release|Any CPU.Build.0 = Release|Any CPU
		{CD8BED65-A896-48C9-86BE-99BC363D5410}.Debug|Any CPU.ActiveCfg = Debug|Any CPU
		{CD8BED65-A896-48C9-86BE-99BC363D5410}.Debug|Any CPU.Build.0 = Debug|Any CPU
		{CD8BED65-A896-48C9-86BE-99BC363D5410}.Release|Any CPU.ActiveCfg = Release|Any CPU
		{CD8BED65-A896-48C9-86BE-99BC363D5410}.Release|Any CPU.Build.0 = Release|Any CPU
		{06C816F9-A2C9-4836-87C5-BCAA179C7822}.Debug|Any CPU.ActiveCfg = Debug|Any CPU
		{06C816F9-A2C9-4836-87C5-BCAA179C7822}.Debug|Any CPU.Build.0 = Debug|Any CPU
		{06C816F9-A2C9-4836-87C5-BCAA179C7822}.Release|Any CPU.ActiveCfg = Release|Any CPU
		{06C816F9-A2C9-4836-87C5-BCAA179C7822}.Release|Any CPU.Build.0 = Release|Any CPU
		{21706317-5ADC-4AB8-8E89-8D9C7D387F4A}.Debug|Any CPU.ActiveCfg = Debug|Any CPU
		{21706317-5ADC-4AB8-8E89-8D9C7D387F4A}.Debug|Any CPU.Build.0 = Debug|Any CPU
		{21706317-5ADC-4AB8-8E89-8D9C7D387F4A}.Release|Any CPU.ActiveCfg = Release|Any CPU
		{21706317-5ADC-4AB8-8E89-8D9C7D387F4A}.Release|Any CPU.Build.0 = Release|Any CPU
		{C8CC3478-E775-4116-A686-C97679C49EA7}.Debug|Any CPU.ActiveCfg = Debug|Any CPU
		{C8CC3478-E775-4116-A686-C97679C49EA7}.Debug|Any CPU.Build.0 = Debug|Any CPU
		{C8CC3478-E775-4116-A686-C97679C49EA7}.Release|Any CPU.ActiveCfg = Release|Any CPU
		{C8CC3478-E775-4116-A686-C97679C49EA7}.Release|Any CPU.Build.0 = Release|Any CPU
		{B66A486F-E155-49FF-AA9A-CDA6CA961984}.Debug|Any CPU.ActiveCfg = Debug|Any CPU
		{B66A486F-E155-49FF-AA9A-CDA6CA961984}.Debug|Any CPU.Build.0 = Debug|Any CPU
		{B66A486F-E155-49FF-AA9A-CDA6CA961984}.Release|Any CPU.ActiveCfg = Release|Any CPU
		{B66A486F-E155-49FF-AA9A-CDA6CA961984}.Release|Any CPU.Build.0 = Release|Any CPU
		{E42A6444-1D84-4CB0-94FF-F90418DDC5E8}.Debug|Any CPU.ActiveCfg = Debug|Any CPU
		{E42A6444-1D84-4CB0-94FF-F90418DDC5E8}.Debug|Any CPU.Build.0 = Debug|Any CPU
		{E42A6444-1D84-4CB0-94FF-F90418DDC5E8}.Release|Any CPU.ActiveCfg = Release|Any CPU
		{E42A6444-1D84-4CB0-94FF-F90418DDC5E8}.Release|Any CPU.Build.0 = Release|Any CPU
		{81C81975-776B-4E70-AA83-29F624A3917F}.Debug|Any CPU.ActiveCfg = Debug|Any CPU
		{81C81975-776B-4E70-AA83-29F624A3917F}.Debug|Any CPU.Build.0 = Debug|Any CPU
		{81C81975-776B-4E70-AA83-29F624A3917F}.Release|Any CPU.ActiveCfg = Release|Any CPU
		{81C81975-776B-4E70-AA83-29F624A3917F}.Release|Any CPU.Build.0 = Release|Any CPU
		{DC707D10-FA21-4D51-9E61-361485050C9D}.Debug|Any CPU.ActiveCfg = Debug|Any CPU
		{DC707D10-FA21-4D51-9E61-361485050C9D}.Debug|Any CPU.Build.0 = Debug|Any CPU
		{DC707D10-FA21-4D51-9E61-361485050C9D}.Release|Any CPU.ActiveCfg = Release|Any CPU
		{DC707D10-FA21-4D51-9E61-361485050C9D}.Release|Any CPU.Build.0 = Release|Any CPU
		{DDC3D1AC-F1FB-473D-96EC-822D195AC751}.Debug|Any CPU.ActiveCfg = Debug|Any CPU
		{DDC3D1AC-F1FB-473D-96EC-822D195AC751}.Debug|Any CPU.Build.0 = Debug|Any CPU
		{DDC3D1AC-F1FB-473D-96EC-822D195AC751}.Release|Any CPU.ActiveCfg = Release|Any CPU
		{DDC3D1AC-F1FB-473D-96EC-822D195AC751}.Release|Any CPU.Build.0 = Release|Any CPU
		{9676DA96-50F7-4722-8BFC-BBA301AE5E38}.Debug|Any CPU.ActiveCfg = Debug|Any CPU
		{9676DA96-50F7-4722-8BFC-BBA301AE5E38}.Debug|Any CPU.Build.0 = Debug|Any CPU
		{9676DA96-50F7-4722-8BFC-BBA301AE5E38}.Release|Any CPU.ActiveCfg = Release|Any CPU
		{9676DA96-50F7-4722-8BFC-BBA301AE5E38}.Release|Any CPU.Build.0 = Release|Any CPU
		{74174E84-D04F-4984-B619-4BF2E795A0A3}.Debug|Any CPU.ActiveCfg = Debug|Any CPU
		{74174E84-D04F-4984-B619-4BF2E795A0A3}.Debug|Any CPU.Build.0 = Debug|Any CPU
		{74174E84-D04F-4984-B619-4BF2E795A0A3}.Release|Any CPU.ActiveCfg = Release|Any CPU
		{74174E84-D04F-4984-B619-4BF2E795A0A3}.Release|Any CPU.Build.0 = Release|Any CPU
		{2E695463-EED5-4858-88AE-EEC6DECE0D83}.Debug|Any CPU.ActiveCfg = Debug|Any CPU
		{2E695463-EED5-4858-88AE-EEC6DECE0D83}.Debug|Any CPU.Build.0 = Debug|Any CPU
		{2E695463-EED5-4858-88AE-EEC6DECE0D83}.Release|Any CPU.ActiveCfg = Release|Any CPU
		{2E695463-EED5-4858-88AE-EEC6DECE0D83}.Release|Any CPU.Build.0 = Release|Any CPU
		{345C1FA6-3887-454B-81EA-8B72BEF03023}.Debug|Any CPU.ActiveCfg = Debug|Any CPU
		{345C1FA6-3887-454B-81EA-8B72BEF03023}.Debug|Any CPU.Build.0 = Debug|Any CPU
		{345C1FA6-3887-454B-81EA-8B72BEF03023}.Release|Any CPU.ActiveCfg = Release|Any CPU
		{345C1FA6-3887-454B-81EA-8B72BEF03023}.Release|Any CPU.Build.0 = Release|Any CPU
		{DD13B068-A805-47E8-B4C0-5E44B528D8EE}.Debug|Any CPU.ActiveCfg = Debug|Any CPU
		{DD13B068-A805-47E8-B4C0-5E44B528D8EE}.Debug|Any CPU.Build.0 = Debug|Any CPU
		{DD13B068-A805-47E8-B4C0-5E44B528D8EE}.Release|Any CPU.ActiveCfg = Release|Any CPU
		{DD13B068-A805-47E8-B4C0-5E44B528D8EE}.Release|Any CPU.Build.0 = Release|Any CPU
		{B4CB3CAC-9672-4F58-96EF-5620678FC315}.Debug|Any CPU.ActiveCfg = Debug|Any CPU
		{B4CB3CAC-9672-4F58-96EF-5620678FC315}.Debug|Any CPU.Build.0 = Debug|Any CPU
		{B4CB3CAC-9672-4F58-96EF-5620678FC315}.Release|Any CPU.ActiveCfg = Release|Any CPU
		{B4CB3CAC-9672-4F58-96EF-5620678FC315}.Release|Any CPU.Build.0 = Release|Any CPU
		{88C41BFA-1A0D-4690-A367-89C4E57E5C71}.Debug|Any CPU.ActiveCfg = Debug|Any CPU
		{88C41BFA-1A0D-4690-A367-89C4E57E5C71}.Debug|Any CPU.Build.0 = Debug|Any CPU
		{88C41BFA-1A0D-4690-A367-89C4E57E5C71}.Release|Any CPU.ActiveCfg = Release|Any CPU
		{88C41BFA-1A0D-4690-A367-89C4E57E5C71}.Release|Any CPU.Build.0 = Release|Any CPU
		{E12A5F78-4D85-40E7-8BED-5C41C3BB1B9D}.Debug|Any CPU.ActiveCfg = Debug|Any CPU
		{E12A5F78-4D85-40E7-8BED-5C41C3BB1B9D}.Debug|Any CPU.Build.0 = Debug|Any CPU
		{E12A5F78-4D85-40E7-8BED-5C41C3BB1B9D}.Release|Any CPU.ActiveCfg = Release|Any CPU
		{E12A5F78-4D85-40E7-8BED-5C41C3BB1B9D}.Release|Any CPU.Build.0 = Release|Any CPU
		{B19FB4C6-CAC9-40F7-B25A-BC218DFFC854}.Debug|Any CPU.ActiveCfg = Debug|Any CPU
		{B19FB4C6-CAC9-40F7-B25A-BC218DFFC854}.Debug|Any CPU.Build.0 = Debug|Any CPU
		{B19FB4C6-CAC9-40F7-B25A-BC218DFFC854}.Release|Any CPU.ActiveCfg = Release|Any CPU
		{B19FB4C6-CAC9-40F7-B25A-BC218DFFC854}.Release|Any CPU.Build.0 = Release|Any CPU
		{AEFAE4A2-4AFB-4E47-AB22-15E09DC26E49}.Debug|Any CPU.ActiveCfg = Debug|Any CPU
		{AEFAE4A2-4AFB-4E47-AB22-15E09DC26E49}.Debug|Any CPU.Build.0 = Debug|Any CPU
		{AEFAE4A2-4AFB-4E47-AB22-15E09DC26E49}.Release|Any CPU.ActiveCfg = Release|Any CPU
		{AEFAE4A2-4AFB-4E47-AB22-15E09DC26E49}.Release|Any CPU.Build.0 = Release|Any CPU
		{CD6CACCB-EF68-47CC-B759-28795B5F5656}.Debug|Any CPU.ActiveCfg = Debug|Any CPU
		{CD6CACCB-EF68-47CC-B759-28795B5F5656}.Debug|Any CPU.Build.0 = Debug|Any CPU
		{CD6CACCB-EF68-47CC-B759-28795B5F5656}.Release|Any CPU.ActiveCfg = Release|Any CPU
		{CD6CACCB-EF68-47CC-B759-28795B5F5656}.Release|Any CPU.Build.0 = Release|Any CPU
		{483A8B94-DCAD-4726-9093-71325B9B955B}.Debug|Any CPU.ActiveCfg = Debug|Any CPU
		{483A8B94-DCAD-4726-9093-71325B9B955B}.Debug|Any CPU.Build.0 = Debug|Any CPU
		{483A8B94-DCAD-4726-9093-71325B9B955B}.Release|Any CPU.ActiveCfg = Release|Any CPU
		{483A8B94-DCAD-4726-9093-71325B9B955B}.Release|Any CPU.Build.0 = Release|Any CPU
		{7BF21D8C-1083-4D22-B542-B3D8DFA0A2D3}.Debug|Any CPU.ActiveCfg = Debug|Any CPU
		{7BF21D8C-1083-4D22-B542-B3D8DFA0A2D3}.Debug|Any CPU.Build.0 = Debug|Any CPU
		{7BF21D8C-1083-4D22-B542-B3D8DFA0A2D3}.Release|Any CPU.ActiveCfg = Release|Any CPU
		{7BF21D8C-1083-4D22-B542-B3D8DFA0A2D3}.Release|Any CPU.Build.0 = Release|Any CPU
		{9DAAA01E-BB34-4407-86AA-8A686F3FF510}.Debug|Any CPU.ActiveCfg = Debug|Any CPU
		{9DAAA01E-BB34-4407-86AA-8A686F3FF510}.Debug|Any CPU.Build.0 = Debug|Any CPU
		{9DAAA01E-BB34-4407-86AA-8A686F3FF510}.Release|Any CPU.ActiveCfg = Release|Any CPU
		{9DAAA01E-BB34-4407-86AA-8A686F3FF510}.Release|Any CPU.Build.0 = Release|Any CPU
		{607F7F79-B534-4383-88AB-9C2281DEA466}.Debug|Any CPU.ActiveCfg = Debug|Any CPU
		{607F7F79-B534-4383-88AB-9C2281DEA466}.Debug|Any CPU.Build.0 = Debug|Any CPU
		{607F7F79-B534-4383-88AB-9C2281DEA466}.Release|Any CPU.ActiveCfg = Release|Any CPU
		{607F7F79-B534-4383-88AB-9C2281DEA466}.Release|Any CPU.Build.0 = Release|Any CPU
		{D620FDD2-C603-4545-A69F-43C1FA1AB735}.Debug|Any CPU.ActiveCfg = Debug|Any CPU
		{D620FDD2-C603-4545-A69F-43C1FA1AB735}.Debug|Any CPU.Build.0 = Debug|Any CPU
		{D620FDD2-C603-4545-A69F-43C1FA1AB735}.Release|Any CPU.ActiveCfg = Release|Any CPU
		{D620FDD2-C603-4545-A69F-43C1FA1AB735}.Release|Any CPU.Build.0 = Release|Any CPU
		{2589ABD3-69E7-43CF-BDBD-DA74788CF15A}.Debug|Any CPU.ActiveCfg = Debug|Any CPU
		{2589ABD3-69E7-43CF-BDBD-DA74788CF15A}.Debug|Any CPU.Build.0 = Debug|Any CPU
		{2589ABD3-69E7-43CF-BDBD-DA74788CF15A}.Release|Any CPU.ActiveCfg = Release|Any CPU
		{2589ABD3-69E7-43CF-BDBD-DA74788CF15A}.Release|Any CPU.Build.0 = Release|Any CPU
		{42AEDAD1-B04D-4EDF-8A40-F946AF1CF239}.Debug|Any CPU.ActiveCfg = Debug|Any CPU
		{42AEDAD1-B04D-4EDF-8A40-F946AF1CF239}.Debug|Any CPU.Build.0 = Debug|Any CPU
		{42AEDAD1-B04D-4EDF-8A40-F946AF1CF239}.Release|Any CPU.ActiveCfg = Release|Any CPU
		{42AEDAD1-B04D-4EDF-8A40-F946AF1CF239}.Release|Any CPU.Build.0 = Release|Any CPU
	EndGlobalSection
	GlobalSection(SolutionProperties) = preSolution
		HideSolutionNode = FALSE
	EndGlobalSection
	GlobalSection(ExtensibilityGlobals) = postSolution
		SolutionGuid = {534BED3A-B00A-462B-A23C-A1F9F0B78C32}
	EndGlobalSection
EndGlobal
